// !$*UTF8*$!
{
	archiveVersion = 1;
	classes = {
	};
	objectVersion = 50;
	objects = {

/* Begin PBXBuildFile section */
		B92737AB23D579AA006FCFB4 /* AppDelegate.m in Sources */ = {isa = PBXBuildFile; fileRef = B92737AA23D579AA006FCFB4 /* AppDelegate.m */; };
		B92737AE23D579AA006FCFB4 /* SceneDelegate.m in Sources */ = {isa = PBXBuildFile; fileRef = B92737AD23D579AA006FCFB4 /* SceneDelegate.m */; };
		B92737B123D579AA006FCFB4 /* ViewController.m in Sources */ = {isa = PBXBuildFile; fileRef = B92737B023D579AA006FCFB4 /* ViewController.m */; };
		B92737B423D579AA006FCFB4 /* Main.storyboard in Resources */ = {isa = PBXBuildFile; fileRef = B92737B223D579AA006FCFB4 /* Main.storyboard */; };
		B92737B623D579AB006FCFB4 /* Assets.xcassets in Resources */ = {isa = PBXBuildFile; fileRef = B92737B523D579AB006FCFB4 /* Assets.xcassets */; };
		B92737B923D579AB006FCFB4 /* LaunchScreen.storyboard in Resources */ = {isa = PBXBuildFile; fileRef = B92737B723D579AB006FCFB4 /* LaunchScreen.storyboard */; };
		B92737BC23D579AB006FCFB4 /* main.m in Sources */ = {isa = PBXBuildFile; fileRef = B92737BB23D579AB006FCFB4 /* main.m */; };
/* End PBXBuildFile section */

/* Begin PBXFileReference section */
		B92737A623D579AA006FCFB4 /* Reverse_OC.app */ = {isa = PBXFileReference; explicitFileType = wrapper.application; includeInIndex = 0; path = Reverse_OC.app; sourceTree = BUILT_PRODUCTS_DIR; };
		B92737A923D579AA006FCFB4 /* AppDelegate.h */ = {isa = PBXFileReference; lastKnownFileType = sourcecode.c.h; path = AppDelegate.h; sourceTree = "<group>"; };
		B92737AA23D579AA006FCFB4 /* AppDelegate.m */ = {isa = PBXFileReference; lastKnownFileType = sourcecode.c.objc; path = AppDelegate.m; sourceTree = "<group>"; };
		B92737AC23D579AA006FCFB4 /* SceneDelegate.h */ = {isa = PBXFileReference; lastKnownFileType = sourcecode.c.h; path = SceneDelegate.h; sourceTree = "<group>"; };
		B92737AD23D579AA006FCFB4 /* SceneDelegate.m */ = {isa = PBXFileReference; lastKnownFileType = sourcecode.c.objc; path = SceneDelegate.m; sourceTree = "<group>"; };
		B92737AF23D579AA006FCFB4 /* ViewController.h */ = {isa = PBXFileReference; lastKnownFileType = sourcecode.c.h; path = ViewController.h; sourceTree = "<group>"; };
		B92737B023D579AA006FCFB4 /* ViewController.m */ = {isa = PBXFileReference; lastKnownFileType = sourcecode.c.objc; path = ViewController.m; sourceTree = "<group>"; };
		B92737B323D579AA006FCFB4 /* Base */ = {isa = PBXFileReference; lastKnownFileType = file.storyboard; name = Base; path = Base.lproj/Main.storyboard; sourceTree = "<group>"; };
		B92737B523D579AB006FCFB4 /* Assets.xcassets */ = {isa = PBXFileReference; lastKnownFileType = folder.assetcatalog; path = Assets.xcassets; sourceTree = "<group>"; };
		B92737B823D579AB006FCFB4 /* Base */ = {isa = PBXFileReference; lastKnownFileType = file.storyboard; name = Base; path = Base.lproj/LaunchScreen.storyboard; sourceTree = "<group>"; };
		B92737BA23D579AB006FCFB4 /* Info.plist */ = {isa = PBXFileReference; lastKnownFileType = text.plist.xml; path = Info.plist; sourceTree = "<group>"; };
		B92737BB23D579AB006FCFB4 /* main.m */ = {isa = PBXFileReference; lastKnownFileType = sourcecode.c.objc; path = main.m; sourceTree = "<group>"; };
/* End PBXFileReference section */

/* Begin PBXFrameworksBuildPhase section */
		B92737A323D579AA006FCFB4 /* Frameworks */ = {
			isa = PBXFrameworksBuildPhase;
			buildActionMask = 2147483647;
			files = (
			);
			runOnlyForDeploymentPostprocessing = 0;
		};
/* End PBXFrameworksBuildPhase section */

/* Begin PBXGroup section */
		B927379D23D579AA006FCFB4 = {
			isa = PBXGroup;
			children = (
				B92737A823D579AA006FCFB4 /* Reverse_OC */,
				B92737A723D579AA006FCFB4 /* Products */,
			);
			sourceTree = "<group>";
		};
		B92737A723D579AA006FCFB4 /* Products */ = {
			isa = PBXGroup;
			children = (
				B92737A623D579AA006FCFB4 /* Reverse_OC.app */,
			);
			name = Products;
			sourceTree = "<group>";
		};
		B92737A823D579AA006FCFB4 /* Reverse_OC */ = {
			isa = PBXGroup;
			children = (
				B92737A923D579AA006FCFB4 /* AppDelegate.h */,
				B92737AA23D579AA006FCFB4 /* AppDelegate.m */,
				B92737AC23D579AA006FCFB4 /* SceneDelegate.h */,
				B92737AD23D579AA006FCFB4 /* SceneDelegate.m */,
				B92737AF23D579AA006FCFB4 /* ViewController.h */,
				B92737B023D579AA006FCFB4 /* ViewController.m */,
				B92737B223D579AA006FCFB4 /* Main.storyboard */,
				B92737B523D579AB006FCFB4 /* Assets.xcassets */,
				B92737B723D579AB006FCFB4 /* LaunchScreen.storyboard */,
				B92737BA23D579AB006FCFB4 /* Info.plist */,
				B92737BB23D579AB006FCFB4 /* main.m */,
			);
			path = Reverse_OC;
			sourceTree = "<group>";
		};
/* End PBXGroup section */

/* Begin PBXNativeTarget section */
		B92737A523D579AA006FCFB4 /* Reverse_OC */ = {
			isa = PBXNativeTarget;
			buildConfigurationList = B92737BF23D579AB006FCFB4 /* Build configuration list for PBXNativeTarget "Reverse_OC" */;
			buildPhases = (
				B92737A223D579AA006FCFB4 /* Sources */,
				B92737A323D579AA006FCFB4 /* Frameworks */,
				B92737A423D579AA006FCFB4 /* Resources */,
			);
			buildRules = (
			);
			dependencies = (
			);
			name = Reverse_OC;
			productName = Reverse_OC;
			productReference = B92737A623D579AA006FCFB4 /* Reverse_OC.app */;
			productType = "com.apple.product-type.application";
		};
/* End PBXNativeTarget section */

/* Begin PBXProject section */
		B927379E23D579AA006FCFB4 /* Project object */ = {
			isa = PBXProject;
			attributes = {
				LastUpgradeCheck = 1130;
				ORGANIZATIONNAME = czera;
				TargetAttributes = {
					B92737A523D579AA006FCFB4 = {
						CreatedOnToolsVersion = 11.3;
					};
				};
			};
			buildConfigurationList = B92737A123D579AA006FCFB4 /* Build configuration list for PBXProject "Reverse_OC" */;
			compatibilityVersion = "Xcode 9.3";
			developmentRegion = en;
			hasScannedForEncodings = 0;
			knownRegions = (
				en,
				Base,
			);
			mainGroup = B927379D23D579AA006FCFB4;
			productRefGroup = B92737A723D579AA006FCFB4 /* Products */;
			projectDirPath = "";
			projectRoot = "";
			targets = (
				B92737A523D579AA006FCFB4 /* Reverse_OC */,
			);
		};
/* End PBXProject section */

/* Begin PBXResourcesBuildPhase section */
		B92737A423D579AA006FCFB4 /* Resources */ = {
			isa = PBXResourcesBuildPhase;
			buildActionMask = 2147483647;
			files = (
				B92737B923D579AB006FCFB4 /* LaunchScreen.storyboard in Resources */,
				B92737B623D579AB006FCFB4 /* Assets.xcassets in Resources */,
				B92737B423D579AA006FCFB4 /* Main.storyboard in Resources */,
			);
			runOnlyForDeploymentPostprocessing = 0;
		};
/* End PBXResourcesBuildPhase section */

/* Begin PBXSourcesBuildPhase section */
		B92737A223D579AA006FCFB4 /* Sources */ = {
			isa = PBXSourcesBuildPhase;
			buildActionMask = 2147483647;
			files = (
				B92737B123D579AA006FCFB4 /* ViewController.m in Sources */,
				B92737AB23D579AA006FCFB4 /* AppDelegate.m in Sources */,
				B92737BC23D579AB006FCFB4 /* main.m in Sources */,
				B92737AE23D579AA006FCFB4 /* SceneDelegate.m in Sources */,
			);
			runOnlyForDeploymentPostprocessing = 0;
		};
/* End PBXSourcesBuildPhase section */

/* Begin PBXVariantGroup section */
		B92737B223D579AA006FCFB4 /* Main.storyboard */ = {
			isa = PBXVariantGroup;
			children = (
				B92737B323D579AA006FCFB4 /* Base */,
			);
			name = Main.storyboard;
			sourceTree = "<group>";
		};
		B92737B723D579AB006FCFB4 /* LaunchScreen.storyboard */ = {
			isa = PBXVariantGroup;
			children = (
				B92737B823D579AB006FCFB4 /* Base */,
			);
			name = LaunchScreen.storyboard;
			sourceTree = "<group>";
		};
/* End PBXVariantGroup section */

/* Begin XCBuildConfiguration section */
		B92737BD23D579AB006FCFB4 /* Debug */ = {
			isa = XCBuildConfiguration;
			buildSettings = {
				ALWAYS_SEARCH_USER_PATHS = NO;
				CLANG_ANALYZER_NONNULL = YES;
				CLANG_ANALYZER_NUMBER_OBJECT_CONVERSION = YES_AGGRESSIVE;
				CLANG_CXX_LANGUAGE_STANDARD = "gnu++14";
				CLANG_CXX_LIBRARY = "libc++";
				CLANG_ENABLE_MODULES = YES;
				CLANG_ENABLE_OBJC_ARC = YES;
				CLANG_ENABLE_OBJC_WEAK = YES;
				CLANG_WARN_BLOCK_CAPTURE_AUTORELEASING = YES;
				CLANG_WARN_BOOL_CONVERSION = YES;
				CLANG_WARN_COMMA = YES;
				CLANG_WARN_CONSTANT_CONVERSION = YES;
				CLANG_WARN_DEPRECATED_OBJC_IMPLEMENTATIONS = YES;
				CLANG_WARN_DIRECT_OBJC_ISA_USAGE = YES_ERROR;
				CLANG_WARN_DOCUMENTATION_COMMENTS = YES;
				CLANG_WARN_EMPTY_BODY = YES;
				CLANG_WARN_ENUM_CONVERSION = YES;
				CLANG_WARN_INFINITE_RECURSION = YES;
				CLANG_WARN_INT_CONVERSION = YES;
				CLANG_WARN_NON_LITERAL_NULL_CONVERSION = YES;
				CLANG_WARN_OBJC_IMPLICIT_RETAIN_SELF = YES;
				CLANG_WARN_OBJC_LITERAL_CONVERSION = YES;
				CLANG_WARN_OBJC_ROOT_CLASS = YES_ERROR;
				CLANG_WARN_RANGE_LOOP_ANALYSIS = YES;
				CLANG_WARN_STRICT_PROTOTYPES = YES;
				CLANG_WARN_SUSPICIOUS_MOVE = YES;
				CLANG_WARN_UNGUARDED_AVAILABILITY = YES_AGGRESSIVE;
				CLANG_WARN_UNREACHABLE_CODE = YES;
				CLANG_WARN__DUPLICATE_METHOD_MATCH = YES;
				COPY_PHASE_STRIP = NO;
				DEBUG_INFORMATION_FORMAT = dwarf;
				ENABLE_STRICT_OBJC_MSGSEND = YES;
				ENABLE_TESTABILITY = YES;
				GCC_C_LANGUAGE_STANDARD = gnu11;
				GCC_DYNAMIC_NO_PIC = NO;
				GCC_NO_COMMON_BLOCKS = YES;
				GCC_OPTIMIZATION_LEVEL = 0;
				GCC_PREPROCESSOR_DEFINITIONS = (
					"DEBUG=1",
					"$(inherited)",
				);
				GCC_WARN_64_TO_32_BIT_CONVERSION = YES;
				GCC_WARN_ABOUT_RETURN_TYPE = YES_ERROR;
				GCC_WARN_UNDECLARED_SELECTOR = YES;
				GCC_WARN_UNINITIALIZED_AUTOS = YES_AGGRESSIVE;
				GCC_WARN_UNUSED_FUNCTION = YES;
				GCC_WARN_UNUSED_VARIABLE = YES;
				IPHONEOS_DEPLOYMENT_TARGET = 13.2;
				MTL_ENABLE_DEBUG_INFO = INCLUDE_SOURCE;
				MTL_FAST_MATH = YES;
				ONLY_ACTIVE_ARCH = YES;
				SDKROOT = iphoneos;
			};
			name = Debug;
		};
		B92737BE23D579AB006FCFB4 /* Release */ = {
			isa = XCBuildConfiguration;
			buildSettings = {
				ALWAYS_SEARCH_USER_PATHS = NO;
				CLANG_ANALYZER_NONNULL = YES;
				CLANG_ANALYZER_NUMBER_OBJECT_CONVERSION = YES_AGGRESSIVE;
				CLANG_CXX_LANGUAGE_STANDARD = "gnu++14";
				CLANG_CXX_LIBRARY = "libc++";
				CLANG_ENABLE_MODULES = YES;
				CLANG_ENABLE_OBJC_ARC = YES;
				CLANG_ENABLE_OBJC_WEAK = YES;
				CLANG_WARN_BLOCK_CAPTURE_AUTORELEASING = YES;
				CLANG_WARN_BOOL_CONVERSION = YES;
				CLANG_WARN_COMMA = YES;
				CLANG_WARN_CONSTANT_CONVERSION = YES;
				CLANG_WARN_DEPRECATED_OBJC_IMPLEMENTATIONS = YES;
				CLANG_WARN_DIRECT_OBJC_ISA_USAGE = YES_ERROR;
				CLANG_WARN_DOCUMENTATION_COMMENTS = YES;
				CLANG_WARN_EMPTY_BODY = YES;
				CLANG_WARN_ENUM_CONVERSION = YES;
				CLANG_WARN_INFINITE_RECURSION = YES;
				CLANG_WARN_INT_CONVERSION = YES;
				CLANG_WARN_NON_LITERAL_NULL_CONVERSION = YES;
				CLANG_WARN_OBJC_IMPLICIT_RETAIN_SELF = YES;
				CLANG_WARN_OBJC_LITERAL_CONVERSION = YES;
				CLANG_WARN_OBJC_ROOT_CLASS = YES_ERROR;
				CLANG_WARN_RANGE_LOOP_ANALYSIS = YES;
				CLANG_WARN_STRICT_PROTOTYPES = YES;
				CLANG_WARN_SUSPICIOUS_MOVE = YES;
				CLANG_WARN_UNGUARDED_AVAILABILITY = YES_AGGRESSIVE;
				CLANG_WARN_UNREACHABLE_CODE = YES;
				CLANG_WARN__DUPLICATE_METHOD_MATCH = YES;
				COPY_PHASE_STRIP = NO;
				DEBUG_INFORMATION_FORMAT = "dwarf-with-dsym";
				ENABLE_NS_ASSERTIONS = NO;
				ENABLE_STRICT_OBJC_MSGSEND = YES;
				GCC_C_LANGUAGE_STANDARD = gnu11;
				GCC_NO_COMMON_BLOCKS = YES;
				GCC_WARN_64_TO_32_BIT_CONVERSION = YES;
				GCC_WARN_ABOUT_RETURN_TYPE = YES_ERROR;
				GCC_WARN_UNDECLARED_SELECTOR = YES;
				GCC_WARN_UNINITIALIZED_AUTOS = YES_AGGRESSIVE;
				GCC_WARN_UNUSED_FUNCTION = YES;
				GCC_WARN_UNUSED_VARIABLE = YES;
				IPHONEOS_DEPLOYMENT_TARGET = 13.2;
				MTL_ENABLE_DEBUG_INFO = NO;
				MTL_FAST_MATH = YES;
				SDKROOT = iphoneos;
				VALIDATE_PRODUCT = YES;
			};
			name = Release;
		};
		B92737C023D579AB006FCFB4 /* Debug */ = {
			isa = XCBuildConfiguration;
			buildSettings = {
				ASSETCATALOG_COMPILER_APPICON_NAME = AppIcon;
				CODE_SIGN_STYLE = Automatic;
				DEVELOPMENT_TEAM = 687G9WNK6U;
				INFOPLIST_FILE = Reverse_OC/Info.plist;
				LD_RUNPATH_SEARCH_PATHS = (
					"$(inherited)",
					"@executable_path/Frameworks",
				);
				PRODUCT_BUNDLE_IDENTIFIER = "com.czera.Reverse-OC";
				PRODUCT_NAME = "$(TARGET_NAME)";
				TARGETED_DEVICE_FAMILY = "1,2";
			};
			name = Debug;
		};
		B92737C123D579AB006FCFB4 /* Release */ = {
			isa = XCBuildConfiguration;
			buildSettings = {
				ASSETCATALOG_COMPILER_APPICON_NAME = AppIcon;
				CODE_SIGN_STYLE = Automatic;
				DEVELOPMENT_TEAM = 687G9WNK6U;
				INFOPLIST_FILE = Reverse_OC/Info.plist;
				LD_RUNPATH_SEARCH_PATHS = (
					"$(inherited)",
					"@executable_path/Frameworks",
				);
				PRODUCT_BUNDLE_IDENTIFIER = "com.czera.Reverse-OC";
				PRODUCT_NAME = "$(TARGET_NAME)";
				TARGETED_DEVICE_FAMILY = "1,2";
			};
			name = Release;
		};
/* End XCBuildConfiguration section */

/* Begin XCConfigurationList section */
		B92737A123D579AA006FCFB4 /* Build configuration list for PBXProject "Reverse_OC" */ = {
			isa = XCConfigurationList;
			buildConfigurations = (
				B92737BD23D579AB006FCFB4 /* Debug */,
				B92737BE23D579AB006FCFB4 /* Release */,
			);
			defaultConfigurationIsVisible = 0;
			defaultConfigurationName = Release;
		};
		B92737BF23D579AB006FCFB4 /* Build configuration list for PBXNativeTarget "Reverse_OC" */ = {
			isa = XCConfigurationList;
			buildConfigurations = (
				B92737C023D579AB006FCFB4 /* Debug */,
				B92737C123D579AB006FCFB4 /* Release */,
			);
			defaultConfigurationIsVisible = 0;
			defaultConfigurationName = Release;
		};
/* End XCConfigurationList section */
	};
	rootObject = B927379E23D579AA006FCFB4 /* Project object */;
}
