// !$*UTF8*$!
{
	archiveVersion = 1;
	classes = {
	};
	objectVersion = 50;
	objects = {

/* Begin PBXBuildFile section */
		B927378A23D5798D006FCFB4 /* AppDelegate.swift in Sources */ = {isa = PBXBuildFile; fileRef = B927378923D5798D006FCFB4 /* AppDelegate.swift */; };
		B927378C23D5798D006FCFB4 /* SceneDelegate.swift in Sources */ = {isa = PBXBuildFile; fileRef = B927378B23D5798D006FCFB4 /* SceneDelegate.swift */; };
		B927378E23D5798D006FCFB4 /* ViewController.swift in Sources */ = {isa = PBXBuildFile; fileRef = B927378D23D5798D006FCFB4 /* ViewController.swift */; };
		B927379123D5798D006FCFB4 /* Main.storyboard in Resources */ = {isa = PBXBuildFile; fileRef = B927378F23D5798D006FCFB4 /* Main.storyboard */; };
		B927379323D5798E006FCFB4 /* Assets.xcassets in Resources */ = {isa = PBXBuildFile; fileRef = B927379223D5798E006FCFB4 /* Assets.xcassets */; };
		B927379623D5798E006FCFB4 /* LaunchScreen.storyboard in Resources */ = {isa = PBXBuildFile; fileRef = B927379423D5798E006FCFB4 /* LaunchScreen.storyboard */; };
/* End PBXBuildFile section */

/* Begin PBXFileReference section */
		B927378623D5798D006FCFB4 /* Reverse_Swift.app */ = {isa = PBXFileReference; explicitFileType = wrapper.application; includeInIndex = 0; path = Reverse_Swift.app; sourceTree = BUILT_PRODUCTS_DIR; };
		B927378923D5798D006FCFB4 /* AppDelegate.swift */ = {isa = PBXFileReference; lastKnownFileType = sourcecode.swift; path = AppDelegate.swift; sourceTree = "<group>"; };
		B927378B23D5798D006FCFB4 /* SceneDelegate.swift */ = {isa = PBXFileReference; lastKnownFileType = sourcecode.swift; path = SceneDelegate.swift; sourceTree = "<group>"; };
		B927378D23D5798D006FCFB4 /* ViewController.swift */ = {isa = PBXFileReference; lastKnownFileType = sourcecode.swift; path = ViewController.swift; sourceTree = "<group>"; };
		B927379023D5798D006FCFB4 /* Base */ = {isa = PBXFileReference; lastKnownFileType = file.storyboard; name = Base; path = Base.lproj/Main.storyboard; sourceTree = "<group>"; };
		B927379223D5798E006FCFB4 /* Assets.xcassets */ = {isa = PBXFileReference; lastKnownFileType = folder.assetcatalog; path = Assets.xcassets; sourceTree = "<group>"; };
		B927379523D5798E006FCFB4 /* Base */ = {isa = PBXFileReference; lastKnownFileType = file.storyboard; name = Base; path = Base.lproj/LaunchScreen.storyboard; sourceTree = "<group>"; };
		B927379723D5798E006FCFB4 /* Info.plist */ = {isa = PBXFileReference; lastKnownFileType = text.plist.xml; path = Info.plist; sourceTree = "<group>"; };
/* End PBXFileReference section */

/* Begin PBXFrameworksBuildPhase section */
		B927378323D5798D006FCFB4 /* Frameworks */ = {
			isa = PBXFrameworksBuildPhase;
			buildActionMask = 2147483647;
			files = (
			);
			runOnlyForDeploymentPostprocessing = 0;
		};
/* End PBXFrameworksBuildPhase section */

/* Begin PBXGroup section */
		B927377D23D5798D006FCFB4 = {
			isa = PBXGroup;
			children = (
				B927378823D5798D006FCFB4 /* Reverse_Swift */,
				B927378723D5798D006FCFB4 /* Products */,
			);
			sourceTree = "<group>";
		};
		B927378723D5798D006FCFB4 /* Products */ = {
			isa = PBXGroup;
			children = (
				B927378623D5798D006FCFB4 /* Reverse_Swift.app */,
			);
			name = Products;
			sourceTree = "<group>";
		};
		B927378823D5798D006FCFB4 /* Reverse_Swift */ = {
			isa = PBXGroup;
			children = (
				B927378923D5798D006FCFB4 /* AppDelegate.swift */,
				B927378B23D5798D006FCFB4 /* SceneDelegate.swift */,
				B927378D23D5798D006FCFB4 /* ViewController.swift */,
				B927378F23D5798D006FCFB4 /* Main.storyboard */,
				B927379223D5798E006FCFB4 /* Assets.xcassets */,
				B927379423D5798E006FCFB4 /* LaunchScreen.storyboard */,
				B927379723D5798E006FCFB4 /* Info.plist */,
			);
			path = Reverse_Swift;
			sourceTree = "<group>";
		};
/* End PBXGroup section */

/* Begin PBXNativeTarget section */
		B927378523D5798D006FCFB4 /* Reverse_Swift */ = {
			isa = PBXNativeTarget;
			buildConfigurationList = B927379A23D5798E006FCFB4 /* Build configuration list for PBXNativeTarget "Reverse_Swift" */;
			buildPhases = (
				B927378223D5798D006FCFB4 /* Sources */,
				B927378323D5798D006FCFB4 /* Frameworks */,
				B927378423D5798D006FCFB4 /* Resources */,
			);
			buildRules = (
			);
			dependencies = (
			);
			name = Reverse_Swift;
			productName = Reverse_Swift;
			productReference = B927378623D5798D006FCFB4 /* Reverse_Swift.app */;
			productType = "com.apple.product-type.application";
		};
/* End PBXNativeTarget section */

/* Begin PBXProject section */
		B927377E23D5798D006FCFB4 /* Project object */ = {
			isa = PBXProject;
			attributes = {
				LastSwiftUpdateCheck = 1130;
				LastUpgradeCheck = 1130;
				ORGANIZATIONNAME = czera;
				TargetAttributes = {
					B927378523D5798D006FCFB4 = {
						CreatedOnToolsVersion = 11.3;
					};
				};
			};
			buildConfigurationList = B927378123D5798D006FCFB4 /* Build configuration list for PBXProject "Reverse_Swift" */;
			compatibilityVersion = "Xcode 9.3";
			developmentRegion = en;
			hasScannedForEncodings = 0;
			knownRegions = (
				en,
				Base,
			);
			mainGroup = B927377D23D5798D006FCFB4;
			productRefGroup = B927378723D5798D006FCFB4 /* Products */;
			projectDirPath = "";
			projectRoot = "";
			targets = (
				B927378523D5798D006FCFB4 /* Reverse_Swift */,
			);
		};
/* End PBXProject section */

/* Begin PBXResourcesBuildPhase section */
		B927378423D5798D006FCFB4 /* Resources */ = {
			isa = PBXResourcesBuildPhase;
			buildActionMask = 2147483647;
			files = (
				B927379623D5798E006FCFB4 /* LaunchScreen.storyboard in Resources */,
				B927379323D5798E006FCFB4 /* Assets.xcassets in Resources */,
				B927379123D5798D006FCFB4 /* Main.storyboard in Resources */,
			);
			runOnlyForDeploymentPostprocessing = 0;
		};
/* End PBXResourcesBuildPhase section */

/* Begin PBXSourcesBuildPhase section */
		B927378223D5798D006FCFB4 /* Sources */ = {
			isa = PBXSourcesBuildPhase;
			buildActionMask = 2147483647;
			files = (
				B927378E23D5798D006FCFB4 /* ViewController.swift in Sources */,
				B927378A23D5798D006FCFB4 /* AppDelegate.swift in Sources */,
				B927378C23D5798D006FCFB4 /* SceneDelegate.swift in Sources */,
			);
			runOnlyForDeploymentPostprocessing = 0;
		};
/* End PBXSourcesBuildPhase section */

/* Begin PBXVariantGroup section */
		B927378F23D5798D006FCFB4 /* Main.storyboard */ = {
			isa = PBXVariantGroup;
			children = (
				B927379023D5798D006FCFB4 /* Base */,
			);
			name = Main.storyboard;
			sourceTree = "<group>";
		};
		B927379423D5798E006FCFB4 /* LaunchScreen.storyboard */ = {
			isa = PBXVariantGroup;
			children = (
				B927379523D5798E006FCFB4 /* Base */,
			);
			name = LaunchScreen.storyboard;
			sourceTree = "<group>";
		};
/* End PBXVariantGroup section */

/* Begin XCBuildConfiguration section */
		B927379823D5798E006FCFB4 /* Debug */ = {
			isa = XCBuildConfiguration;
			buildSettings = {
				ALWAYS_SEARCH_USER_PATHS = NO;
				CLANG_ANALYZER_NONNULL = YES;
				CLANG_ANALYZER_NUMBER_OBJECT_CONVERSION = YES_AGGRESSIVE;
				CLANG_CXX_LANGUAGE_STANDARD = "gnu++14";
				CLANG_CXX_LIBRARY = "libc++";
				CLANG_ENABLE_MODULES = YES;
				CLANG_ENABLE_OBJC_ARC = YES;
				CLANG_ENABLE_OBJC_WEAK = YES;
				CLANG_WARN_BLOCK_CAPTURE_AUTORELEASING = YES;
				CLANG_WARN_BOOL_CONVERSION = YES;
				CLANG_WARN_COMMA = YES;
				CLANG_WARN_CONSTANT_CONVERSION = YES;
				CLANG_WARN_DEPRECATED_OBJC_IMPLEMENTATIONS = YES;
				CLANG_WARN_DIRECT_OBJC_ISA_USAGE = YES_ERROR;
				CLANG_WARN_DOCUMENTATION_COMMENTS = YES;
				CLANG_WARN_EMPTY_BODY = YES;
				CLANG_WARN_ENUM_CONVERSION = YES;
				CLANG_WARN_INFINITE_RECURSION = YES;
				CLANG_WARN_INT_CONVERSION = YES;
				CLANG_WARN_NON_LITERAL_NULL_CONVERSION = YES;
				CLANG_WARN_OBJC_IMPLICIT_RETAIN_SELF = YES;
				CLANG_WARN_OBJC_LITERAL_CONVERSION = YES;
				CLANG_WARN_OBJC_ROOT_CLASS = YES_ERROR;
				CLANG_WARN_RANGE_LOOP_ANALYSIS = YES;
				CLANG_WARN_STRICT_PROTOTYPES = YES;
				CLANG_WARN_SUSPICIOUS_MOVE = YES;
				CLANG_WARN_UNGUARDED_AVAILABILITY = YES_AGGRESSIVE;
				CLANG_WARN_UNREACHABLE_CODE = YES;
				CLANG_WARN__DUPLICATE_METHOD_MATCH = YES;
				COPY_PHASE_STRIP = NO;
				DEBUG_INFORMATION_FORMAT = dwarf;
				ENABLE_STRICT_OBJC_MSGSEND = YES;
				ENABLE_TESTABILITY = YES;
				GCC_C_LANGUAGE_STANDARD = gnu11;
				GCC_DYNAMIC_NO_PIC = NO;
				GCC_NO_COMMON_BLOCKS = YES;
				GCC_OPTIMIZATION_LEVEL = 0;
				GCC_PREPROCESSOR_DEFINITIONS = (
					"DEBUG=1",
					"$(inherited)",
				);
				GCC_WARN_64_TO_32_BIT_CONVERSION = YES;
				GCC_WARN_ABOUT_RETURN_TYPE = YES_ERROR;
				GCC_WARN_UNDECLARED_SELECTOR = YES;
				GCC_WARN_UNINITIALIZED_AUTOS = YES_AGGRESSIVE;
				GCC_WARN_UNUSED_FUNCTION = YES;
				GCC_WARN_UNUSED_VARIABLE = YES;
				IPHONEOS_DEPLOYMENT_TARGET = 13.2;
				MTL_ENABLE_DEBUG_INFO = INCLUDE_SOURCE;
				MTL_FAST_MATH = YES;
				ONLY_ACTIVE_ARCH = YES;
				SDKROOT = iphoneos;
				SWIFT_ACTIVE_COMPILATION_CONDITIONS = DEBUG;
				SWIFT_OPTIMIZATION_LEVEL = "-Onone";
			};
			name = Debug;
		};
		B927379923D5798E006FCFB4 /* Release */ = {
			isa = XCBuildConfiguration;
			buildSettings = {
				ALWAYS_SEARCH_USER_PATHS = NO;
				CLANG_ANALYZER_NONNULL = YES;
				CLANG_ANALYZER_NUMBER_OBJECT_CONVERSION = YES_AGGRESSIVE;
				CLANG_CXX_LANGUAGE_STANDARD = "gnu++14";
				CLANG_CXX_LIBRARY = "libc++";
				CLANG_ENABLE_MODULES = YES;
				CLANG_ENABLE_OBJC_ARC = YES;
				CLANG_ENABLE_OBJC_WEAK = YES;
				CLANG_WARN_BLOCK_CAPTURE_AUTORELEASING = YES;
				CLANG_WARN_BOOL_CONVERSION = YES;
				CLANG_WARN_COMMA = YES;
				CLANG_WARN_CONSTANT_CONVERSION = YES;
				CLANG_WARN_DEPRECATED_OBJC_IMPLEMENTATIONS = YES;
				CLANG_WARN_DIRECT_OBJC_ISA_USAGE = YES_ERROR;
				CLANG_WARN_DOCUMENTATION_COMMENTS = YES;
				CLANG_WARN_EMPTY_BODY = YES;
				CLANG_WARN_ENUM_CONVERSION = YES;
				CLANG_WARN_INFINITE_RECURSION = YES;
				CLANG_WARN_INT_CONVERSION = YES;
				CLANG_WARN_NON_LITERAL_NULL_CONVERSION = YES;
				CLANG_WARN_OBJC_IMPLICIT_RETAIN_SELF = YES;
				CLANG_WARN_OBJC_LITERAL_CONVERSION = YES;
				CLANG_WARN_OBJC_ROOT_CLASS = YES_ERROR;
				CLANG_WARN_RANGE_LOOP_ANALYSIS = YES;
				CLANG_WARN_STRICT_PROTOTYPES = YES;
				CLANG_WARN_SUSPICIOUS_MOVE = YES;
				CLANG_WARN_UNGUARDED_AVAILABILITY = YES_AGGRESSIVE;
				CLANG_WARN_UNREACHABLE_CODE = YES;
				CLANG_WARN__DUPLICATE_METHOD_MATCH = YES;
				COPY_PHASE_STRIP = NO;
				DEBUG_INFORMATION_FORMAT = "dwarf-with-dsym";
				ENABLE_NS_ASSERTIONS = NO;
				ENABLE_STRICT_OBJC_MSGSEND = YES;
				GCC_C_LANGUAGE_STANDARD = gnu11;
				GCC_NO_COMMON_BLOCKS = YES;
				GCC_WARN_64_TO_32_BIT_CONVERSION = YES;
				GCC_WARN_ABOUT_RETURN_TYPE = YES_ERROR;
				GCC_WARN_UNDECLARED_SELECTOR = YES;
				GCC_WARN_UNINITIALIZED_AUTOS = YES_AGGRESSIVE;
				GCC_WARN_UNUSED_FUNCTION = YES;
				GCC_WARN_UNUSED_VARIABLE = YES;
				IPHONEOS_DEPLOYMENT_TARGET = 13.2;
				MTL_ENABLE_DEBUG_INFO = NO;
				MTL_FAST_MATH = YES;
				SDKROOT = iphoneos;
				SWIFT_COMPILATION_MODE = wholemodule;
				SWIFT_OPTIMIZATION_LEVEL = "-O";
				VALIDATE_PRODUCT = YES;
			};
			name = Release;
		};
		B927379B23D5798E006FCFB4 /* Debug */ = {
			isa = XCBuildConfiguration;
			buildSettings = {
				ASSETCATALOG_COMPILER_APPICON_NAME = AppIcon;
				CODE_SIGN_STYLE = Automatic;
				DEVELOPMENT_TEAM = 687G9WNK6U;
				INFOPLIST_FILE = Reverse_Swift/Info.plist;
				LD_RUNPATH_SEARCH_PATHS = (
					"$(inherited)",
					"@executable_path/Frameworks",
				);
				PRODUCT_BUNDLE_IDENTIFIER = "com.czera.Reverse-Swift";
				PRODUCT_NAME = "$(TARGET_NAME)";
				SWIFT_VERSION = 5.0;
				TARGETED_DEVICE_FAMILY = "1,2";
			};
			name = Debug;
		};
		B927379C23D5798E006FCFB4 /* Release */ = {
			isa = XCBuildConfiguration;
			buildSettings = {
				ASSETCATALOG_COMPILER_APPICON_NAME = AppIcon;
				CODE_SIGN_STYLE = Automatic;
				DEVELOPMENT_TEAM = 687G9WNK6U;
				INFOPLIST_FILE = Reverse_Swift/Info.plist;
				LD_RUNPATH_SEARCH_PATHS = (
					"$(inherited)",
					"@executable_path/Frameworks",
				);
				PRODUCT_BUNDLE_IDENTIFIER = "com.czera.Reverse-Swift";
				PRODUCT_NAME = "$(TARGET_NAME)";
				SWIFT_VERSION = 5.0;
				TARGETED_DEVICE_FAMILY = "1,2";
			};
			name = Release;
		};
/* End XCBuildConfiguration section */

/* Begin XCConfigurationList section */
		B927378123D5798D006FCFB4 /* Build configuration list for PBXProject "Reverse_Swift" */ = {
			isa = XCConfigurationList;
			buildConfigurations = (
				B927379823D5798E006FCFB4 /* Debug */,
				B927379923D5798E006FCFB4 /* Release */,
			);
			defaultConfigurationIsVisible = 0;
			defaultConfigurationName = Release;
		};
		B927379A23D5798E006FCFB4 /* Build configuration list for PBXNativeTarget "Reverse_Swift" */ = {
			isa = XCConfigurationList;
			buildConfigurations = (
				B927379B23D5798E006FCFB4 /* Debug */,
				B927379C23D5798E006FCFB4 /* Release */,
			);
			defaultConfigurationIsVisible = 0;
			defaultConfigurationName = Release;
		};
/* End XCConfigurationList section */
	};
	rootObject = B927377E23D5798D006FCFB4 /* Project object */;
}
